
Microsoft Visual Studio Solution File, Format Version 12.00
# Visual Studio Version 16
VisualStudioVersion = 16.0.33328.57
MinimumVisualStudioVersion = 10.0.40219.1
Project("{FAE04EC0-301F-11D3-BF4B-00C04F79EFBC}") = "MiMFa QRCoder", "MiMFa QRCoder\MiMFa QRCoder.csproj", "{9083C157-DE0A-485D-AE9C-E127260FB54C}"
EndProject
Global
	GlobalSection(SolutionConfigurationPlatforms) = preSolution
		Debug|Any CPU = Debug|Any CPU
		Release|Any CPU = Release|Any CPU
	EndGlobalSection
	GlobalSection(ProjectConfigurationPlatforms) = postSolution
		{9083C157-DE0A-485D-AE9C-E127260FB54C}.Debug|Any CPU.ActiveCfg = Debug|Any CPU
		{9083C157-DE0A-485D-AE9C-E127260FB54C}.Debug|Any CPU.Build.0 = Debug|Any CPU
		{9083C157-DE0A-485D-AE9C-E127260FB54C}.Release|Any CPU.ActiveCfg = Release|Any CPU
		{9083C157-DE0A-485D-AE9C-E127260FB54C}.Release|Any CPU.Build.0 = Release|Any CPU
	EndGlobalSection
	GlobalSection(SolutionProperties) = preSolution
		HideSolutionNode = FALSE
	EndGlobalSection
	GlobalSection(ExtensibilityGlobals) = postSolution
		SolutionGuid = {8B562625-BD57-4DDD-91B8-85480ADA3C7C}
	EndGlobalSection
EndGlobal
